// !$*UTF8*$!
{
	archiveVersion = 1;
	classes = {
	};
	objectVersion = 46;
	objects = {

/* Begin PBXBuildFile section */
		785B786D1E8CA45400B58E77 /* XiaoyuDemoTests.m in Sources */ = {isa = PBXBuildFile; fileRef = 785B786C1E8CA45400B58E77 /* XiaoyuDemoTests.m */; };
		785B787B1E8CB2A900B58E77 /* XiaoyuDemoUITests.m in Sources */ = {isa = PBXBuildFile; fileRef = 785B787A1E8CB2A900B58E77 /* XiaoyuDemoUITests.m */; };
		786C48CA1E80C63C008A2810 /* main.m in Sources */ = {isa = PBXBuildFile; fileRef = 786C48C91E80C63C008A2810 /* main.m */; };
		786C48CD1E80C63C008A2810 /* AppDelegate.m in Sources */ = {isa = PBXBuildFile; fileRef = 786C48CC1E80C63C008A2810 /* AppDelegate.m */; };
		786C48D01E80C63C008A2810 /* ViewController.m in Sources */ = {isa = PBXBuildFile; fileRef = 786C48CF1E80C63C008A2810 /* ViewController.m */; };
		786C48E41E80D11C008A2810 /* Images.xcassets in Resources */ = {isa = PBXBuildFile; fileRef = 786C48E31E80D11C008A2810 /* Images.xcassets */; };
		786C48E71E80FB93008A2810 /* LaunchImageView.m in Sources */ = {isa = PBXBuildFile; fileRef = 786C48E61E80FB93008A2810 /* LaunchImageView.m */; };
		786C490D1E810811008A2810 /* MKAnnotationView+WebCache.m in Sources */ = {isa = PBXBuildFile; fileRef = 786C48EA1E810811008A2810 /* MKAnnotationView+WebCache.m */; };
		786C490E1E810811008A2810 /* NSData+ImageContentType.m in Sources */ = {isa = PBXBuildFile; fileRef = 786C48EC1E810811008A2810 /* NSData+ImageContentType.m */; };
		786C490F1E810811008A2810 /* SDImageCache.m in Sources */ = {isa = PBXBuildFile; fileRef = 786C48EE1E810811008A2810 /* SDImageCache.m */; };
		786C49101E810811008A2810 /* SDWebImageCompat.m in Sources */ = {isa = PBXBuildFile; fileRef = 786C48F01E810811008A2810 /* SDWebImageCompat.m */; };
		786C49111E810811008A2810 /* SDWebImageDecoder.m in Sources */ = {isa = PBXBuildFile; fileRef = 786C48F21E810811008A2810 /* SDWebImageDecoder.m */; };
		786C49121E810811008A2810 /* SDWebImageDownloader.m in Sources */ = {isa = PBXBuildFile; fileRef = 786C48F41E810811008A2810 /* SDWebImageDownloader.m */; };
		786C49131E810811008A2810 /* SDWebImageDownloaderOperation.m in Sources */ = {isa = PBXBuildFile; fileRef = 786C48F61E810811008A2810 /* SDWebImageDownloaderOperation.m */; };
		786C49141E810811008A2810 /* SDWebImageManager.m in Sources */ = {isa = PBXBuildFile; fileRef = 786C48F81E810811008A2810 /* SDWebImageManager.m */; };
		786C49151E810811008A2810 /* SDWebImagePrefetcher.m in Sources */ = {isa = PBXBuildFile; fileRef = 786C48FB1E810811008A2810 /* SDWebImagePrefetcher.m */; };
		786C49161E810811008A2810 /* UIButton+WebCache.m in Sources */ = {isa = PBXBuildFile; fileRef = 786C48FD1E810811008A2810 /* UIButton+WebCache.m */; };
		786C49171E810811008A2810 /* UIImage+GIF.m in Sources */ = {isa = PBXBuildFile; fileRef = 786C48FF1E810811008A2810 /* UIImage+GIF.m */; };
		786C49181E810811008A2810 /* UIImage+MultiFormat.m in Sources */ = {isa = PBXBuildFile; fileRef = 786C49011E810811008A2810 /* UIImage+MultiFormat.m */; };
		786C49191E810811008A2810 /* UIImage+WebP.m in Sources */ = {isa = PBXBuildFile; fileRef = 786C49031E810811008A2810 /* UIImage+WebP.m */; };
		786C491A1E810811008A2810 /* UIImageView+HighlightedWebCache.m in Sources */ = {isa = PBXBuildFile; fileRef = 786C49051E810811008A2810 /* UIImageView+HighlightedWebCache.m */; };
		786C491B1E810811008A2810 /* UIImageView+UIActivityIndicatorForSDWebImage.m in Sources */ = {isa = PBXBuildFile; fileRef = 786C49081E810811008A2810 /* UIImageView+UIActivityIndicatorForSDWebImage.m */; };
		786C491C1E810811008A2810 /* UIImageView+WebCache.m in Sources */ = {isa = PBXBuildFile; fileRef = 786C490A1E810811008A2810 /* UIImageView+WebCache.m */; };
		786C491D1E810811008A2810 /* UIView+WebCacheOperation.m in Sources */ = {isa = PBXBuildFile; fileRef = 786C490C1E810811008A2810 /* UIView+WebCacheOperation.m */; };
		786C491F1E820B3A008A2810 /* advertIamge.jpg in Resources */ = {isa = PBXBuildFile; fileRef = 786C491E1E820B3A008A2810 /* advertIamge.jpg */; };
		786C49221E8252A5008A2810 /* fly.gif in Resources */ = {isa = PBXBuildFile; fileRef = 786C49211E8252A5008A2810 /* fly.gif */; };
/* End PBXBuildFile section */

/* Begin PBXContainerItemProxy section */
		785B786F1E8CA45400B58E77 /* PBXContainerItemProxy */ = {
			isa = PBXContainerItemProxy;
			containerPortal = 786C48BD1E80C63C008A2810 /* Project object */;
			proxyType = 1;
			remoteGlobalIDString = 786C48C41E80C63C008A2810;
			remoteInfo = XiaoyuDemo;
		};
		785B787D1E8CB2A900B58E77 /* PBXContainerItemProxy */ = {
			isa = PBXContainerItemProxy;
			containerPortal = 786C48BD1E80C63C008A2810 /* Project object */;
			proxyType = 1;
			remoteGlobalIDString = 786C48C41E80C63C008A2810;
			remoteInfo = XiaoyuDemo;
		};
/* End PBXContainerItemProxy section */

/* Begin PBXFileReference section */
		785B786A1E8CA45400B58E77 /* XiaoyuDemoTests.xctest */ = {isa = PBXFileReference; explicitFileType = wrapper.cfbundle; includeInIndex = 0; path = XiaoyuDemoTests.xctest; sourceTree = BUILT_PRODUCTS_DIR; };
		785B786C1E8CA45400B58E77 /* XiaoyuDemoTests.m */ = {isa = PBXFileReference; lastKnownFileType = sourcecode.c.objc; path = XiaoyuDemoTests.m; sourceTree = "<group>"; };
		785B786E1E8CA45400B58E77 /* Info.plist */ = {isa = PBXFileReference; lastKnownFileType = text.plist.xml; path = Info.plist; sourceTree = "<group>"; };
		785B78781E8CB2A900B58E77 /* XiaoyuDemoUITests.xctest */ = {isa = PBXFileReference; explicitFileType = wrapper.cfbundle; includeInIndex = 0; path = XiaoyuDemoUITests.xctest; sourceTree = BUILT_PRODUCTS_DIR; };
		785B787A1E8CB2A900B58E77 /* XiaoyuDemoUITests.m */ = {isa = PBXFileReference; lastKnownFileType = sourcecode.c.objc; path = XiaoyuDemoUITests.m; sourceTree = "<group>"; };
		785B787C1E8CB2A900B58E77 /* Info.plist */ = {isa = PBXFileReference; lastKnownFileType = text.plist.xml; path = Info.plist; sourceTree = "<group>"; };
		786C48C51E80C63C008A2810 /* XiaoyuDemo.app */ = {isa = PBXFileReference; explicitFileType = wrapper.application; includeInIndex = 0; path = XiaoyuDemo.app; sourceTree = BUILT_PRODUCTS_DIR; };
		786C48C91E80C63C008A2810 /* main.m */ = {isa = PBXFileReference; lastKnownFileType = sourcecode.c.objc; path = main.m; sourceTree = "<group>"; };
		786C48CB1E80C63C008A2810 /* AppDelegate.h */ = {isa = PBXFileReference; lastKnownFileType = sourcecode.c.h; path = AppDelegate.h; sourceTree = "<group>"; };
		786C48CC1E80C63C008A2810 /* AppDelegate.m */ = {isa = PBXFileReference; lastKnownFileType = sourcecode.c.objc; path = AppDelegate.m; sourceTree = "<group>"; };
		786C48CE1E80C63C008A2810 /* ViewController.h */ = {isa = PBXFileReference; lastKnownFileType = sourcecode.c.h; path = ViewController.h; sourceTree = "<group>"; };
		786C48CF1E80C63C008A2810 /* ViewController.m */ = {isa = PBXFileReference; lastKnownFileType = sourcecode.c.objc; path = ViewController.m; sourceTree = "<group>"; };
		786C48D91E80C63C008A2810 /* Info.plist */ = {isa = PBXFileReference; lastKnownFileType = text.plist.xml; path = Info.plist; sourceTree = "<group>"; };
		786C48E31E80D11C008A2810 /* Images.xcassets */ = {isa = PBXFileReference; lastKnownFileType = folder.assetcatalog; path = Images.xcassets; sourceTree = "<group>"; };
		786C48E51E80FB93008A2810 /* LaunchImageView.h */ = {isa = PBXFileReference; fileEncoding = 4; lastKnownFileType = sourcecode.c.h; path = LaunchImageView.h; sourceTree = "<group>"; };
		786C48E61E80FB93008A2810 /* LaunchImageView.m */ = {isa = PBXFileReference; fileEncoding = 4; lastKnownFileType = sourcecode.c.objc; path = LaunchImageView.m; sourceTree = "<group>"; };
		786C48E91E810811008A2810 /* MKAnnotationView+WebCache.h */ = {isa = PBXFileReference; fileEncoding = 4; lastKnownFileType = sourcecode.c.h; path = "MKAnnotationView+WebCache.h"; sourceTree = "<group>"; };
		786C48EA1E810811008A2810 /* MKAnnotationView+WebCache.m */ = {isa = PBXFileReference; fileEncoding = 4; lastKnownFileType = sourcecode.c.objc; path = "MKAnnotationView+WebCache.m"; sourceTree = "<group>"; };
		786C48EB1E810811008A2810 /* NSData+ImageContentType.h */ = {isa = PBXFileReference; fileEncoding = 4; lastKnownFileType = sourcecode.c.h; path = "NSData+ImageContentType.h"; sourceTree = "<group>"; };
		786C48EC1E810811008A2810 /* NSData+ImageContentType.m */ = {isa = PBXFileReference; fileEncoding = 4; lastKnownFileType = sourcecode.c.objc; path = "NSData+ImageContentType.m"; sourceTree = "<group>"; };
		786C48ED1E810811008A2810 /* SDImageCache.h */ = {isa = PBXFileReference; fileEncoding = 4; lastKnownFileType = sourcecode.c.h; path = SDImageCache.h; sourceTree = "<group>"; };
		786C48EE1E810811008A2810 /* SDImageCache.m */ = {isa = PBXFileReference; fileEncoding = 4; lastKnownFileType = sourcecode.c.objc; path = SDImageCache.m; sourceTree = "<group>"; };
		786C48EF1E810811008A2810 /* SDWebImageCompat.h */ = {isa = PBXFileReference; fileEncoding = 4; lastKnownFileType = sourcecode.c.h; path = SDWebImageCompat.h; sourceTree = "<group>"; };
		786C48F01E810811008A2810 /* SDWebImageCompat.m */ = {isa = PBXFileReference; fileEncoding = 4; lastKnownFileType = sourcecode.c.objc; path = SDWebImageCompat.m; sourceTree = "<group>"; };
		786C48F11E810811008A2810 /* SDWebImageDecoder.h */ = {isa = PBXFileReference; fileEncoding = 4; lastKnownFileType = sourcecode.c.h; path = SDWebImageDecoder.h; sourceTree = "<group>"; };
		786C48F21E810811008A2810 /* SDWebImageDecoder.m */ = {isa = PBXFileReference; fileEncoding = 4; lastKnownFileType = sourcecode.c.objc; path = SDWebImageDecoder.m; sourceTree = "<group>"; };
		786C48F31E810811008A2810 /* SDWebImageDownloader.h */ = {isa = PBXFileReference; fileEncoding = 4; lastKnownFileType = sourcecode.c.h; path = SDWebImageDownloader.h; sourceTree = "<group>"; };
		786C48F41E810811008A2810 /* SDWebImageDownloader.m */ = {isa = PBXFileReference; fileEncoding = 4; lastKnownFileType = sourcecode.c.objc; path = SDWebImageDownloader.m; sourceTree = "<group>"; };
		786C48F51E810811008A2810 /* SDWebImageDownloaderOperation.h */ = {isa = PBXFileReference; fileEncoding = 4; lastKnownFileType = sourcecode.c.h; path = SDWebImageDownloaderOperation.h; sourceTree = "<group>"; };
		786C48F61E810811008A2810 /* SDWebImageDownloaderOperation.m */ = {isa = PBXFileReference; fileEncoding = 4; lastKnownFileType = sourcecode.c.objc; path = SDWebImageDownloaderOperation.m; sourceTree = "<group>"; };
		786C48F71E810811008A2810 /* SDWebImageManager.h */ = {isa = PBXFileReference; fileEncoding = 4; lastKnownFileType = sourcecode.c.h; path = SDWebImageManager.h; sourceTree = "<group>"; };
		786C48F81E810811008A2810 /* SDWebImageManager.m */ = {isa = PBXFileReference; fileEncoding = 4; lastKnownFileType = sourcecode.c.objc; path = SDWebImageManager.m; sourceTree = "<group>"; };
		786C48F91E810811008A2810 /* SDWebImageOperation.h */ = {isa = PBXFileReference; fileEncoding = 4; lastKnownFileType = sourcecode.c.h; path = SDWebImageOperation.h; sourceTree = "<group>"; };
		786C48FA1E810811008A2810 /* SDWebImagePrefetcher.h */ = {isa = PBXFileReference; fileEncoding = 4; lastKnownFileType = sourcecode.c.h; path = SDWebImagePrefetcher.h; sourceTree = "<group>"; };
		786C48FB1E810811008A2810 /* SDWebImagePrefetcher.m */ = {isa = PBXFileReference; fileEncoding = 4; lastKnownFileType = sourcecode.c.objc; path = SDWebImagePrefetcher.m; sourceTree = "<group>"; };
		786C48FC1E810811008A2810 /* UIButton+WebCache.h */ = {isa = PBXFileReference; fileEncoding = 4; lastKnownFileType = sourcecode.c.h; path = "UIButton+WebCache.h"; sourceTree = "<group>"; };
		786C48FD1E810811008A2810 /* UIButton+WebCache.m */ = {isa = PBXFileReference; fileEncoding = 4; lastKnownFileType = sourcecode.c.objc; path = "UIButton+WebCache.m"; sourceTree = "<group>"; };
		786C48FE1E810811008A2810 /* UIImage+GIF.h */ = {isa = PBXFileReference; fileEncoding = 4; lastKnownFileType = sourcecode.c.h; path = "UIImage+GIF.h"; sourceTree = "<group>"; };
		786C48FF1E810811008A2810 /* UIImage+GIF.m */ = {isa = PBXFileReference; fileEncoding = 4; lastKnownFileType = sourcecode.c.objc; path = "UIImage+GIF.m"; sourceTree = "<group>"; };
		786C49001E810811008A2810 /* UIImage+MultiFormat.h */ = {isa = PBXFileReference; fileEncoding = 4; lastKnownFileType = sourcecode.c.h; path = "UIImage+MultiFormat.h"; sourceTree = "<group>"; };
		786C49011E810811008A2810 /* UIImage+MultiFormat.m */ = {isa = PBXFileReference; fileEncoding = 4; lastKnownFileType = sourcecode.c.objc; path = "UIImage+MultiFormat.m"; sourceTree = "<group>"; };
		786C49021E810811008A2810 /* UIImage+WebP.h */ = {isa = PBXFileReference; fileEncoding = 4; lastKnownFileType = sourcecode.c.h; path = "UIImage+WebP.h"; sourceTree = "<group>"; };
		786C49031E810811008A2810 /* UIImage+WebP.m */ = {isa = PBXFileReference; fileEncoding = 4; lastKnownFileType = sourcecode.c.objc; path = "UIImage+WebP.m"; sourceTree = "<group>"; };
		786C49041E810811008A2810 /* UIImageView+HighlightedWebCache.h */ = {isa = PBXFileReference; fileEncoding = 4; lastKnownFileType = sourcecode.c.h; path = "UIImageView+HighlightedWebCache.h"; sourceTree = "<group>"; };
		786C49051E810811008A2810 /* UIImageView+HighlightedWebCache.m */ = {isa = PBXFileReference; fileEncoding = 4; lastKnownFileType = sourcecode.c.objc; path = "UIImageView+HighlightedWebCache.m"; sourceTree = "<group>"; };
		786C49071E810811008A2810 /* UIImageView+UIActivityIndicatorForSDWebImage.h */ = {isa = PBXFileReference; fileEncoding = 4; lastKnownFileType = sourcecode.c.h; path = "UIImageView+UIActivityIndicatorForSDWebImage.h"; sourceTree = "<group>"; };
		786C49081E810811008A2810 /* UIImageView+UIActivityIndicatorForSDWebImage.m */ = {isa = PBXFileReference; fileEncoding = 4; lastKnownFileType = sourcecode.c.objc; path = "UIImageView+UIActivityIndicatorForSDWebImage.m"; sourceTree = "<group>"; };
		786C49091E810811008A2810 /* UIImageView+WebCache.h */ = {isa = PBXFileReference; fileEncoding = 4; lastKnownFileType = sourcecode.c.h; path = "UIImageView+WebCache.h"; sourceTree = "<group>"; };
		786C490A1E810811008A2810 /* UIImageView+WebCache.m */ = {isa = PBXFileReference; fileEncoding = 4; lastKnownFileType = sourcecode.c.objc; path = "UIImageView+WebCache.m"; sourceTree = "<group>"; };
		786C490B1E810811008A2810 /* UIView+WebCacheOperation.h */ = {isa = PBXFileReference; fileEncoding = 4; lastKnownFileType = sourcecode.c.h; path = "UIView+WebCacheOperation.h"; sourceTree = "<group>"; };
		786C490C1E810811008A2810 /* UIView+WebCacheOperation.m */ = {isa = PBXFileReference; fileEncoding = 4; lastKnownFileType = sourcecode.c.objc; path = "UIView+WebCacheOperation.m"; sourceTree = "<group>"; };
		786C491E1E820B3A008A2810 /* advertIamge.jpg */ = {isa = PBXFileReference; lastKnownFileType = image.jpeg; path = advertIamge.jpg; sourceTree = "<group>"; };
		786C49211E8252A5008A2810 /* fly.gif */ = {isa = PBXFileReference; lastKnownFileType = image.gif; path = fly.gif; sourceTree = "<group>"; };
		786C49251E8273F6008A2810 /* XiaoyuDemo_Prefix.pch */ = {isa = PBXFileReference; fileEncoding = 4; lastKnownFileType = sourcecode.c.h; path = XiaoyuDemo_Prefix.pch; sourceTree = "<group>"; };
		786C49261E827562008A2810 /* NormalDefine.h */ = {isa = PBXFileReference; lastKnownFileType = sourcecode.c.h; path = NormalDefine.h; sourceTree = "<group>"; };
/* End PBXFileReference section */

/* Begin PBXFrameworksBuildPhase section */
		785B78671E8CA45400B58E77 /* Frameworks */ = {
			isa = PBXFrameworksBuildPhase;
			buildActionMask = 2147483647;
			files = (
			);
			runOnlyForDeploymentPostprocessing = 0;
		};
		785B78751E8CB2A900B58E77 /* Frameworks */ = {
			isa = PBXFrameworksBuildPhase;
			buildActionMask = 2147483647;
			files = (
			);
			runOnlyForDeploymentPostprocessing = 0;
		};
		786C48C21E80C63C008A2810 /* Frameworks */ = {
			isa = PBXFrameworksBuildPhase;
			buildActionMask = 2147483647;
			files = (
			);
			runOnlyForDeploymentPostprocessing = 0;
		};
/* End PBXFrameworksBuildPhase section */

/* Begin PBXGroup section */
		785B786B1E8CA45400B58E77 /* XiaoyuDemoTests */ = {
			isa = PBXGroup;
			children = (
				785B786C1E8CA45400B58E77 /* XiaoyuDemoTests.m */,
				785B786E1E8CA45400B58E77 /* Info.plist */,
			);
			path = XiaoyuDemoTests;
			sourceTree = "<group>";
		};
		785B78791E8CB2A900B58E77 /* XiaoyuDemoUITests */ = {
			isa = PBXGroup;
			children = (
				785B787A1E8CB2A900B58E77 /* XiaoyuDemoUITests.m */,
				785B787C1E8CB2A900B58E77 /* Info.plist */,
			);
			path = XiaoyuDemoUITests;
			sourceTree = "<group>";
		};
		786C48BC1E80C63C008A2810 = {
			isa = PBXGroup;
			children = (
				786C48C71E80C63C008A2810 /* XiaoyuDemo */,
				785B786B1E8CA45400B58E77 /* XiaoyuDemoTests */,
				785B78791E8CB2A900B58E77 /* XiaoyuDemoUITests */,
				786C48C61E80C63C008A2810 /* Products */,
			);
			sourceTree = "<group>";
		};
		786C48C61E80C63C008A2810 /* Products */ = {
			isa = PBXGroup;
			children = (
				786C48C51E80C63C008A2810 /* XiaoyuDemo.app */,
				785B786A1E8CA45400B58E77 /* XiaoyuDemoTests.xctest */,
				785B78781E8CB2A900B58E77 /* XiaoyuDemoUITests.xctest */,
			);
			name = Products;
			sourceTree = "<group>";
		};
		786C48C71E80C63C008A2810 /* XiaoyuDemo */ = {
			isa = PBXGroup;
			children = (
				786C48E81E810811008A2810 /* SDWebImage */,
				786C48CB1E80C63C008A2810 /* AppDelegate.h */,
				786C48CC1E80C63C008A2810 /* AppDelegate.m */,
				786C48CE1E80C63C008A2810 /* ViewController.h */,
				786C48CF1E80C63C008A2810 /* ViewController.m */,
				786C48E51E80FB93008A2810 /* LaunchImageView.h */,
				786C48E61E80FB93008A2810 /* LaunchImageView.m */,
				786C49201E820B3F008A2810 /* Resource */,
				786C48D91E80C63C008A2810 /* Info.plist */,
				786C49261E827562008A2810 /* NormalDefine.h */,
				786C49251E8273F6008A2810 /* XiaoyuDemo_Prefix.pch */,
				786C48E31E80D11C008A2810 /* Images.xcassets */,
				786C48C81E80C63C008A2810 /* Supporting Files */,
			);
			path = XiaoyuDemo;
			sourceTree = "<group>";
		};
		786C48C81E80C63C008A2810 /* Supporting Files */ = {
			isa = PBXGroup;
			children = (
				786C48C91E80C63C008A2810 /* main.m */,
			);
			name = "Supporting Files";
			sourceTree = "<group>";
		};
		786C48E81E810811008A2810 /* SDWebImage */ = {
			isa = PBXGroup;
			children = (
				786C48E91E810811008A2810 /* MKAnnotationView+WebCache.h */,
				786C48EA1E810811008A2810 /* MKAnnotationView+WebCache.m */,
				786C48EB1E810811008A2810 /* NSData+ImageContentType.h */,
				786C48EC1E810811008A2810 /* NSData+ImageContentType.m */,
				786C48ED1E810811008A2810 /* SDImageCache.h */,
				786C48EE1E810811008A2810 /* SDImageCache.m */,
				786C48EF1E810811008A2810 /* SDWebImageCompat.h */,
				786C48F01E810811008A2810 /* SDWebImageCompat.m */,
				786C48F11E810811008A2810 /* SDWebImageDecoder.h */,
				786C48F21E810811008A2810 /* SDWebImageDecoder.m */,
				786C48F31E810811008A2810 /* SDWebImageDownloader.h */,
				786C48F41E810811008A2810 /* SDWebImageDownloader.m */,
				786C48F51E810811008A2810 /* SDWebImageDownloaderOperation.h */,
				786C48F61E810811008A2810 /* SDWebImageDownloaderOperation.m */,
				786C48F71E810811008A2810 /* SDWebImageManager.h */,
				786C48F81E810811008A2810 /* SDWebImageManager.m */,
				786C48F91E810811008A2810 /* SDWebImageOperation.h */,
				786C48FA1E810811008A2810 /* SDWebImagePrefetcher.h */,
				786C48FB1E810811008A2810 /* SDWebImagePrefetcher.m */,
				786C48FC1E810811008A2810 /* UIButton+WebCache.h */,
				786C48FD1E810811008A2810 /* UIButton+WebCache.m */,
				786C48FE1E810811008A2810 /* UIImage+GIF.h */,
				786C48FF1E810811008A2810 /* UIImage+GIF.m */,
				786C49001E810811008A2810 /* UIImage+MultiFormat.h */,
				786C49011E810811008A2810 /* UIImage+MultiFormat.m */,
				786C49021E810811008A2810 /* UIImage+WebP.h */,
				786C49031E810811008A2810 /* UIImage+WebP.m */,
				786C49041E810811008A2810 /* UIImageView+HighlightedWebCache.h */,
				786C49051E810811008A2810 /* UIImageView+HighlightedWebCache.m */,
				786C49061E810811008A2810 /* UIImageView+UIActivityIndicator */,
				786C49091E810811008A2810 /* UIImageView+WebCache.h */,
				786C490A1E810811008A2810 /* UIImageView+WebCache.m */,
				786C490B1E810811008A2810 /* UIView+WebCacheOperation.h */,
				786C490C1E810811008A2810 /* UIView+WebCacheOperation.m */,
			);
			path = SDWebImage;
			sourceTree = "<group>";
		};
		786C49061E810811008A2810 /* UIImageView+UIActivityIndicator */ = {
			isa = PBXGroup;
			children = (
				786C49071E810811008A2810 /* UIImageView+UIActivityIndicatorForSDWebImage.h */,
				786C49081E810811008A2810 /* UIImageView+UIActivityIndicatorForSDWebImage.m */,
			);
			path = "UIImageView+UIActivityIndicator";
			sourceTree = "<group>";
		};
		786C49201E820B3F008A2810 /* Resource */ = {
			isa = PBXGroup;
			children = (
				786C49211E8252A5008A2810 /* fly.gif */,
				786C491E1E820B3A008A2810 /* advertIamge.jpg */,
			);
			name = Resource;
			sourceTree = "<group>";
		};
/* End PBXGroup section */

/* Begin PBXNativeTarget section */
		785B78691E8CA45400B58E77 /* XiaoyuDemoTests */ = {
			isa = PBXNativeTarget;
			buildConfigurationList = 785B78731E8CA45400B58E77 /* Build configuration list for PBXNativeTarget "XiaoyuDemoTests" */;
			buildPhases = (
				785B78661E8CA45400B58E77 /* Sources */,
				785B78671E8CA45400B58E77 /* Frameworks */,
				785B78681E8CA45400B58E77 /* Resources */,
			);
			buildRules = (
			);
			dependencies = (
				785B78701E8CA45400B58E77 /* PBXTargetDependency */,
			);
			name = XiaoyuDemoTests;
			productName = XiaoyuDemoTests;
			productReference = 785B786A1E8CA45400B58E77 /* XiaoyuDemoTests.xctest */;
			productType = "com.apple.product-type.bundle.unit-test";
		};
		785B78771E8CB2A900B58E77 /* XiaoyuDemoUITests */ = {
			isa = PBXNativeTarget;
			buildConfigurationList = 785B787F1E8CB2A900B58E77 /* Build configuration list for PBXNativeTarget "XiaoyuDemoUITests" */;
			buildPhases = (
				785B78741E8CB2A900B58E77 /* Sources */,
				785B78751E8CB2A900B58E77 /* Frameworks */,
				785B78761E8CB2A900B58E77 /* Resources */,
			);
			buildRules = (
			);
			dependencies = (
				785B787E1E8CB2A900B58E77 /* PBXTargetDependency */,
			);
			name = XiaoyuDemoUITests;
			productName = XiaoyuDemoUITests;
			productReference = 785B78781E8CB2A900B58E77 /* XiaoyuDemoUITests.xctest */;
			productType = "com.apple.product-type.bundle.ui-testing";
		};
		786C48C41E80C63C008A2810 /* XiaoyuDemo */ = {
			isa = PBXNativeTarget;
			buildConfigurationList = 786C48DC1E80C63C008A2810 /* Build configuration list for PBXNativeTarget "XiaoyuDemo" */;
			buildPhases = (
				786C48C11E80C63C008A2810 /* Sources */,
				786C48C21E80C63C008A2810 /* Frameworks */,
				786C48C31E80C63C008A2810 /* Resources */,
			);
			buildRules = (
			);
			dependencies = (
			);
			name = XiaoyuDemo;
			productName = XiaoyuDemo;
			productReference = 786C48C51E80C63C008A2810 /* XiaoyuDemo.app */;
			productType = "com.apple.product-type.application";
		};
/* End PBXNativeTarget section */

/* Begin PBXProject section */
		786C48BD1E80C63C008A2810 /* Project object */ = {
			isa = PBXProject;
			attributes = {
				LastUpgradeCheck = 0820;
				ORGANIZATIONNAME = yml;
				TargetAttributes = {
					785B78691E8CA45400B58E77 = {
						CreatedOnToolsVersion = 8.2.1;
						DevelopmentTeam = B778ENJVTS;
						ProvisioningStyle = Automatic;
						TestTargetID = 786C48C41E80C63C008A2810;
					};
					785B78771E8CB2A900B58E77 = {
						CreatedOnToolsVersion = 8.2.1;
						DevelopmentTeam = B778ENJVTS;
						ProvisioningStyle = Automatic;
						TestTargetID = 786C48C41E80C63C008A2810;
					};
					786C48C41E80C63C008A2810 = {
						CreatedOnToolsVersion = 8.2.1;
						DevelopmentTeam = B778ENJVTS;
						ProvisioningStyle = Automatic;
					};
				};
			};
			buildConfigurationList = 786C48C01E80C63C008A2810 /* Build configuration list for PBXProject "XiaoyuDemo" */;
			compatibilityVersion = "Xcode 3.2";
			developmentRegion = English;
			hasScannedForEncodings = 0;
			knownRegions = (
				en,
				Base,
			);
			mainGroup = 786C48BC1E80C63C008A2810;
			productRefGroup = 786C48C61E80C63C008A2810 /* Products */;
			projectDirPath = "";
			projectRoot = "";
			targets = (
				786C48C41E80C63C008A2810 /* XiaoyuDemo */,
				785B78691E8CA45400B58E77 /* XiaoyuDemoTests */,
				785B78771E8CB2A900B58E77 /* XiaoyuDemoUITests */,
			);
		};
/* End PBXProject section */

/* Begin PBXResourcesBuildPhase section */
		785B78681E8CA45400B58E77 /* Resources */ = {
			isa = PBXResourcesBuildPhase;
			buildActionMask = 2147483647;
			files = (
			);
			runOnlyForDeploymentPostprocessing = 0;
		};
		785B78761E8CB2A900B58E77 /* Resources */ = {
			isa = PBXResourcesBuildPhase;
			buildActionMask = 2147483647;
			files = (
			);
			runOnlyForDeploymentPostprocessing = 0;
		};
		786C48C31E80C63C008A2810 /* Resources */ = {
			isa = PBXResourcesBuildPhase;
			buildActionMask = 2147483647;
			files = (
				786C49221E8252A5008A2810 /* fly.gif in Resources */,
				786C48E41E80D11C008A2810 /* Images.xcassets in Resources */,
				786C491F1E820B3A008A2810 /* advertIamge.jpg in Resources */,
			);
			runOnlyForDeploymentPostprocessing = 0;
		};
/* End PBXResourcesBuildPhase section */

/* Begin PBXSourcesBuildPhase section */
		785B78661E8CA45400B58E77 /* Sources */ = {
			isa = PBXSourcesBuildPhase;
			buildActionMask = 2147483647;
			files = (
				785B786D1E8CA45400B58E77 /* XiaoyuDemoTests.m in Sources */,
			);
			runOnlyForDeploymentPostprocessing = 0;
		};
		785B78741E8CB2A900B58E77 /* Sources */ = {
			isa = PBXSourcesBuildPhase;
			buildActionMask = 2147483647;
			files = (
				785B787B1E8CB2A900B58E77 /* XiaoyuDemoUITests.m in Sources */,
			);
			runOnlyForDeploymentPostprocessing = 0;
		};
		786C48C11E80C63C008A2810 /* Sources */ = {
			isa = PBXSourcesBuildPhase;
			buildActionMask = 2147483647;
			files = (
				786C491A1E810811008A2810 /* UIImageView+HighlightedWebCache.m in Sources */,
				786C49181E810811008A2810 /* UIImage+MultiFormat.m in Sources */,
				786C491C1E810811008A2810 /* UIImageView+WebCache.m in Sources */,
				786C49131E810811008A2810 /* SDWebImageDownloaderOperation.m in Sources */,
				786C48D01E80C63C008A2810 /* ViewController.m in Sources */,
				786C491B1E810811008A2810 /* UIImageView+UIActivityIndicatorForSDWebImage.m in Sources */,
				786C49101E810811008A2810 /* SDWebImageCompat.m in Sources */,
				786C49171E810811008A2810 /* UIImage+GIF.m in Sources */,
				786C49151E810811008A2810 /* SDWebImagePrefetcher.m in Sources */,
				786C48E71E80FB93008A2810 /* LaunchImageView.m in Sources */,
				786C491D1E810811008A2810 /* UIView+WebCacheOperation.m in Sources */,
				786C48CD1E80C63C008A2810 /* AppDelegate.m in Sources */,
				786C49191E810811008A2810 /* UIImage+WebP.m in Sources */,
				786C49121E810811008A2810 /* SDWebImageDownloader.m in Sources */,
				786C49161E810811008A2810 /* UIButton+WebCache.m in Sources */,
				786C490D1E810811008A2810 /* MKAnnotationView+WebCache.m in Sources */,
				786C490E1E810811008A2810 /* NSData+ImageContentType.m in Sources */,
				786C48CA1E80C63C008A2810 /* main.m in Sources */,
				786C49141E810811008A2810 /* SDWebImageManager.m in Sources */,
				786C49111E810811008A2810 /* SDWebImageDecoder.m in Sources */,
				786C490F1E810811008A2810 /* SDImageCache.m in Sources */,
			);
			runOnlyForDeploymentPostprocessing = 0;
		};
/* End PBXSourcesBuildPhase section */

/* Begin PBXTargetDependency section */
		785B78701E8CA45400B58E77 /* PBXTargetDependency */ = {
			isa = PBXTargetDependency;
			target = 786C48C41E80C63C008A2810 /* XiaoyuDemo */;
			targetProxy = 785B786F1E8CA45400B58E77 /* PBXContainerItemProxy */;
		};
		785B787E1E8CB2A900B58E77 /* PBXTargetDependency */ = {
			isa = PBXTargetDependency;
			target = 786C48C41E80C63C008A2810 /* XiaoyuDemo */;
			targetProxy = 785B787D1E8CB2A900B58E77 /* PBXContainerItemProxy */;
		};
/* End PBXTargetDependency section */

/* Begin XCBuildConfiguration section */
		785B78711E8CA45400B58E77 /* Debug */ = {
			isa = XCBuildConfiguration;
			buildSettings = {
				BUNDLE_LOADER = "$(TEST_HOST)";
				DEVELOPMENT_TEAM = B778ENJVTS;
				INFOPLIST_FILE = XiaoyuDemoTests/Info.plist;
				LD_RUNPATH_SEARCH_PATHS = "$(inherited) @executable_path/Frameworks @loader_path/Frameworks";
				PRODUCT_BUNDLE_IDENTIFIER = xiaofu.XiaoyuDemoTests;
				PRODUCT_NAME = "$(TARGET_NAME)";
				TEST_HOST = "$(BUILT_PRODUCTS_DIR)/XiaoyuDemo.app/XiaoyuDemo";
			};
			name = Debug;
		};
		785B78721E8CA45400B58E77 /* Release */ = {
			isa = XCBuildConfiguration;
			buildSettings = {
				BUNDLE_LOADER = "$(TEST_HOST)";
				DEVELOPMENT_TEAM = B778ENJVTS;
				INFOPLIST_FILE = XiaoyuDemoTests/Info.plist;
				LD_RUNPATH_SEARCH_PATHS = "$(inherited) @executable_path/Frameworks @loader_path/Frameworks";
				PRODUCT_BUNDLE_IDENTIFIER = xiaofu.XiaoyuDemoTests;
				PRODUCT_NAME = "$(TARGET_NAME)";
				TEST_HOST = "$(BUILT_PRODUCTS_DIR)/XiaoyuDemo.app/XiaoyuDemo";
			};
			name = Release;
		};
		785B78801E8CB2A900B58E77 /* Debug */ = {
			isa = XCBuildConfiguration;
			buildSettings = {
				DEVELOPMENT_TEAM = B778ENJVTS;
				INFOPLIST_FILE = XiaoyuDemoUITests/Info.plist;
				LD_RUNPATH_SEARCH_PATHS = "$(inherited) @executable_path/Frameworks @loader_path/Frameworks";
				PRODUCT_BUNDLE_IDENTIFIER = xiaofu.XiaoyuDemoUITests;
				PRODUCT_NAME = "$(TARGET_NAME)";
				TEST_TARGET_NAME = XiaoyuDemo;
			};
			name = Debug;
		};
		785B78811E8CB2A900B58E77 /* Release */ = {
			isa = XCBuildConfiguration;
			buildSettings = {
				DEVELOPMENT_TEAM = B778ENJVTS;
				INFOPLIST_FILE = XiaoyuDemoUITests/Info.plist;
				LD_RUNPATH_SEARCH_PATHS = "$(inherited) @executable_path/Frameworks @loader_path/Frameworks";
				PRODUCT_BUNDLE_IDENTIFIER = xiaofu.XiaoyuDemoUITests;
				PRODUCT_NAME = "$(TARGET_NAME)";
				TEST_TARGET_NAME = XiaoyuDemo;
			};
			name = Release;
		};
		786C48DA1E80C63C008A2810 /* Debug */ = {
			isa = XCBuildConfiguration;
			buildSettings = {
				ALWAYS_SEARCH_USER_PATHS = NO;
				CLANG_ANALYZER_NONNULL = YES;
				CLANG_CXX_LANGUAGE_STANDARD = "gnu++0x";
				CLANG_CXX_LIBRARY = "libc++";
				CLANG_ENABLE_MODULES = YES;
				CLANG_ENABLE_OBJC_ARC = YES;
				CLANG_WARN_BOOL_CONVERSION = YES;
				CLANG_WARN_CONSTANT_CONVERSION = YES;
				CLANG_WARN_DIRECT_OBJC_ISA_USAGE = YES_ERROR;
				CLANG_WARN_DOCUMENTATION_COMMENTS = YES;
				CLANG_WARN_EMPTY_BODY = YES;
				CLANG_WARN_ENUM_CONVERSION = YES;
				CLANG_WARN_INFINITE_RECURSION = YES;
				CLANG_WARN_INT_CONVERSION = YES;
				CLANG_WARN_OBJC_ROOT_CLASS = YES_ERROR;
				CLANG_WARN_SUSPICIOUS_MOVE = YES;
				CLANG_WARN_UNREACHABLE_CODE = YES;
				CLANG_WARN__DUPLICATE_METHOD_MATCH = YES;
				"CODE_SIGN_IDENTITY[sdk=iphoneos*]" = "iPhone Developer";
				COPY_PHASE_STRIP = NO;
				DEBUG_INFORMATION_FORMAT = dwarf;
				ENABLE_STRICT_OBJC_MSGSEND = YES;
				ENABLE_TESTABILITY = YES;
				GCC_C_LANGUAGE_STANDARD = gnu99;
				GCC_DYNAMIC_NO_PIC = NO;
				GCC_NO_COMMON_BLOCKS = YES;
				GCC_OPTIMIZATION_LEVEL = 0;
				GCC_PREPROCESSOR_DEFINITIONS = (
					"DEBUG=1",
					"$(inherited)",
				);
				GCC_WARN_64_TO_32_BIT_CONVERSION = YES;
				GCC_WARN_ABOUT_RETURN_TYPE = YES_ERROR;
				GCC_WARN_UNDECLARED_SELECTOR = YES;
				GCC_WARN_UNINITIALIZED_AUTOS = YES_AGGRESSIVE;
				GCC_WARN_UNUSED_FUNCTION = YES;
				GCC_WARN_UNUSED_VARIABLE = YES;
				IPHONEOS_DEPLOYMENT_TARGET = 10.2;
				MTL_ENABLE_DEBUG_INFO = YES;
				ONLY_ACTIVE_ARCH = YES;
				SDKROOT = iphoneos;
				TARGETED_DEVICE_FAMILY = "1,2";
			};
			name = Debug;
		};
		786C48DB1E80C63C008A2810 /* Release */ = {
			isa = XCBuildConfiguration;
			buildSettings = {
				ALWAYS_SEARCH_USER_PATHS = NO;
				CLANG_ANALYZER_NONNULL = YES;
				CLANG_CXX_LANGUAGE_STANDARD = "gnu++0x";
				CLANG_CXX_LIBRARY = "libc++";
				CLANG_ENABLE_MODULES = YES;
				CLANG_ENABLE_OBJC_ARC = YES;
				CLANG_WARN_BOOL_CONVERSION = YES;
				CLANG_WARN_CONSTANT_CONVERSION = YES;
				CLANG_WARN_DIRECT_OBJC_ISA_USAGE = YES_ERROR;
				CLANG_WARN_DOCUMENTATION_COMMENTS = YES;
				CLANG_WARN_EMPTY_BODY = YES;
				CLANG_WARN_ENUM_CONVERSION = YES;
				CLANG_WARN_INFINITE_RECURSION = YES;
				CLANG_WARN_INT_CONVERSION = YES;
				CLANG_WARN_OBJC_ROOT_CLASS = YES_ERROR;
				CLANG_WARN_SUSPICIOUS_MOVE = YES;
				CLANG_WARN_UNREACHABLE_CODE = YES;
				CLANG_WARN__DUPLICATE_METHOD_MATCH = YES;
				"CODE_SIGN_IDENTITY[sdk=iphoneos*]" = "iPhone Developer";
				COPY_PHASE_STRIP = NO;
				DEBUG_INFORMATION_FORMAT = "dwarf-with-dsym";
				ENABLE_NS_ASSERTIONS = NO;
				ENABLE_STRICT_OBJC_MSGSEND = YES;
				GCC_C_LANGUAGE_STANDARD = gnu99;
				GCC_NO_COMMON_BLOCKS = YES;
				GCC_WARN_64_TO_32_BIT_CONVERSION = YES;
				GCC_WARN_ABOUT_RETURN_TYPE = YES_ERROR;
				GCC_WARN_UNDECLARED_SELECTOR = YES;
				GCC_WARN_UNINITIALIZED_AUTOS = YES_AGGRESSIVE;
				GCC_WARN_UNUSED_FUNCTION = YES;
				GCC_WARN_UNUSED_VARIABLE = YES;
				IPHONEOS_DEPLOYMENT_TARGET = 10.2;
				MTL_ENABLE_DEBUG_INFO = NO;
				SDKROOT = iphoneos;
				TARGETED_DEVICE_FAMILY = "1,2";
				VALIDATE_PRODUCT = YES;
			};
			name = Release;
		};
		786C48DD1E80C63C008A2810 /* Debug */ = {
			isa = XCBuildConfiguration;
			buildSettings = {
				ASSETCATALOG_COMPILER_APPICON_NAME = AppIcon;
				ASSETCATALOG_COMPILER_LAUNCHIMAGE_NAME = LaunchImage;
				DEVELOPMENT_TEAM = B778ENJVTS;
				GCC_PRECOMPILE_PREFIX_HEADER = YES;
				GCC_PREFIX_HEADER = "$(SRCROOT)//XiaoyuDemo/XiaoyuDemo_Prefix.pch";
				INFOPLIST_FILE = XiaoyuDemo/Info.plist;
				IPHONEOS_DEPLOYMENT_TARGET = 8.0;
				LD_RUNPATH_SEARCH_PATHS = "$(inherited) @executable_path/Frameworks";
				ONLY_ACTIVE_ARCH = YES;
				PRODUCT_BUNDLE_IDENTIFIER = xiaofu.XiaoyuDemo;
				PRODUCT_NAME = "$(TARGET_NAME)";
				VALID_ARCHS = "armv7 armv7s arm64";
			};
			name = Debug;
		};
		786C48DE1E80C63C008A2810 /* Release */ = {
			isa = XCBuildConfiguration;
			buildSettings = {
				ASSETCATALOG_COMPILER_APPICON_NAME = AppIcon;
				ASSETCATALOG_COMPILER_LAUNCHIMAGE_NAME = LaunchImage;
				DEVELOPMENT_TEAM = B778ENJVTS;
				GCC_PRECOMPILE_PREFIX_HEADER = YES;
				GCC_PREFIX_HEADER = "$(SRCROOT)//XiaoyuDemo/XiaoyuDemo_Prefix.pch";
				INFOPLIST_FILE = XiaoyuDemo/Info.plist;
				IPHONEOS_DEPLOYMENT_TARGET = 8.0;
				LD_RUNPATH_SEARCH_PATHS = "$(inherited) @executable_path/Frameworks";
				PRODUCT_BUNDLE_IDENTIFIER = xiaofu.XiaoyuDemo;
				PRODUCT_NAME = "$(TARGET_NAME)";
				VALID_ARCHS = "armv7 armv7s arm64";
			};
			name = Release;
		};
/* End XCBuildConfiguration section */

/* Begin XCConfigurationList section */
		785B78731E8CA45400B58E77 /* Build configuration list for PBXNativeTarget "XiaoyuDemoTests" */ = {
			isa = XCConfigurationList;
			buildConfigurations = (
				785B78711E8CA45400B58E77 /* Debug */,
				785B78721E8CA45400B58E77 /* Release */,
			);
			defaultConfigurationIsVisible = 0;
			defaultConfigurationName = Release;
		};
		785B787F1E8CB2A900B58E77 /* Build configuration list for PBXNativeTarget "XiaoyuDemoUITests" */ = {
			isa = XCConfigurationList;
			buildConfigurations = (
				785B78801E8CB2A900B58E77 /* Debug */,
				785B78811E8CB2A900B58E77 /* Release */,
			);
			defaultConfigurationIsVisible = 0;
			defaultConfigurationName = Release;
		};
		786C48C01E80C63C008A2810 /* Build configuration list for PBXProject "XiaoyuDemo" */ = {
			isa = XCConfigurationList;
			buildConfigurations = (
				786C48DA1E80C63C008A2810 /* Debug */,
				786C48DB1E80C63C008A2810 /* Release */,
			);
			defaultConfigurationIsVisible = 0;
			defaultConfigurationName = Release;
		};
		786C48DC1E80C63C008A2810 /* Build configuration list for PBXNativeTarget "XiaoyuDemo" */ = {
			isa = XCConfigurationList;
			buildConfigurations = (
				786C48DD1E80C63C008A2810 /* Debug */,
				786C48DE1E80C63C008A2810 /* Release */,
			);
			defaultConfigurationIsVisible = 0;
			defaultConfigurationName = Release;
		};
/* End XCConfigurationList section */
	};
	rootObject = 786C48BD1E80C63C008A2810 /* Project object */;
}
